<?xml version="1.0" encoding="utf-8"?>
<Project ToolsVersion="4.0" xmlns:atg="http://atg.xbox.com" xmlns="http://schemas.microsoft.com/developer/msbuild/2003">
  <ItemGroup>
    <Filter Include="Resource Files">
      <UniqueIdentifier>{8e114980-c1a3-4ada-ad7c-83caadf5daeb}</UniqueIdentifier>
      <Extensions>rc;ico;cur;bmp;dlg;rc2;rct;bin;rgs;gif;jpg;jpeg;jpe</Extensions>
    </Filter>
    <Filter Include="DXUT">
      <UniqueIdentifier>{a43c5c25-0e86-4a20-b64a-883785ff74fd}</UniqueIdentifier>
    </Filter>
    <Filter Include="Shaders">
      <UniqueIdentifier>{2c3d4c8c-5d1a-459a-a05a-a4e4b608a44e}</UniqueIdentifier>
      <Extensions>fx;fxh;hlsl</Extensions>
    </Filter>
    <Filter Include="include">
      <UniqueIdentifier>{77c13198-05cf-4dc5-bd6a-bccf2d43c850}</UniqueIdentifier>
    </Filter>
    <Filter Include="source">
      <UniqueIdentifier>{eab9a8f3-0d12-4059-aaf0-a2cfa1134429}</UniqueIdentifier>
    </Filter>
    <Filter Include="include\ECS">
      <UniqueIdentifier>{20677c5b-18f3-43b0-a828-9b6cd90a218d}</UniqueIdentifier>
    </Filter>
    <Filter Include="Imgui">
      <UniqueIdentifier>{85f683aa-83f5-4e11-abec-34a5d463c224}</UniqueIdentifier>
    </Filter>
    <Filter Include="Imgui\Includes">
      <UniqueIdentifier>{808aa0bf-c550-4788-8965-135883a5c84d}</UniqueIdentifier>
    </Filter>
    <Filter Include="Imgui\src">
      <UniqueIdentifier>{c750011f-f5ad-4dbf-9949-d9b0b85523b9}</UniqueIdentifier>
    </Filter>
    <Filter Include="source\ECS">
      <UniqueIdentifier>{d525d016-993d-4333-88b7-8f0c40331e96}</UniqueIdentifier>
    </Filter>
    <Filter Include="include\Patterns">
      <UniqueIdentifier>{7a6c548f-396f-4555-b0ac-b88402314d5f}</UniqueIdentifier>
    </Filter>
    <Filter Include="include\Utilities">
      <UniqueIdentifier>{2a816a6e-c629-41fe-8dac-18440ac98c84}</UniqueIdentifier>
    </Filter>
    <Filter Include="include\Utilities\Memory">
      <UniqueIdentifier>{657396c2-7efd-4a73-93d0-2000239b4ad1}</UniqueIdentifier>
    </Filter>
    <Filter Include="include\Utilities\Vectors">
      <UniqueIdentifier>{4f0464f8-461e-4d9a-ac47-a7a09f6bab35}</UniqueIdentifier>
    </Filter>
    <Filter Include="include\Utilities\Matrix">
      <UniqueIdentifier>{25567beb-fae6-4f4e-97da-d3ffc9e3e73f}</UniqueIdentifier>
    </Filter>
    <Filter Include="include\Utilities\Structures">
      <UniqueIdentifier>{49c70bd0-3972-46a2-8a89-dafee9e3755e}</UniqueIdentifier>
    </Filter>
    <Filter Include="include\Utilities\GUI">
      <UniqueIdentifier>{34deae5a-b441-4658-b4a8-dbd3d47be97e}</UniqueIdentifier>
    </Filter>
    <Filter Include="include\SceneGraph">
      <UniqueIdentifier>{fb708829-183e-4db6-9a50-3480cca7c144}</UniqueIdentifier>
    </Filter>
    <Filter Include="source\GUI">
      <UniqueIdentifier>{87340197-cb50-4672-bfc5-d323e7f68d57}</UniqueIdentifier>
    </Filter>
    <Filter Include="source\SceneGraph">
      <UniqueIdentifier>{b1436ddd-ab6b-43ff-a02c-04fa32ca9e3f}</UniqueIdentifier>
    </Filter>
  </ItemGroup>
  <ItemGroup>
    <ClCompile Include="HeliosEngine.cpp">
      <Filter>source</Filter>
    </ClCompile>
    <ClCompile Include="source\Device.cpp">
      <Filter>source</Filter>
    </ClCompile>
    <ClCompile Include="source\DeviceContext.cpp">
      <Filter>source</Filter>
    </ClCompile>
    <ClCompile Include="source\SwapChain.cpp">
      <Filter>source</Filter>
    </ClCompile>
    <ClCompile Include="source\Texture.cpp">
      <Filter>source</Filter>
    </ClCompile>
    <ClCompile Include="source\DepthStencilView.cpp">
      <Filter>source</Filter>
    </ClCompile>
    <ClCompile Include="source\Window.cpp">
      <Filter>source</Filter>
    </ClCompile>
    <ClCompile Include="source\Viewport.cpp">
      <Filter>source</Filter>
    </ClCompile>
    <ClCompile Include="source\InputLayout.cpp">
      <Filter>source</Filter>
    </ClCompile>
    <ClCompile Include="source\ShaderProgram.cpp">
      <Filter>source</Filter>
    </ClCompile>
    <ClCompile Include="source\Buffer.cpp">
      <Filter>source</Filter>
    </ClCompile>
    <ClCompile Include="source\BaseApp.cpp">
      <Filter>source</Filter>
    </ClCompile>
    <ClCompile Include="source\SamplerState.cpp">
      <Filter>source</Filter>
    </ClCompile>
    <ClCompile Include="source\Model3D.cpp">
      <Filter>source</Filter>
    </ClCompile>
    <ClCompile Include="imgui-docking\imgui.cpp">
      <Filter>Imgui\src</Filter>
    </ClCompile>
    <ClCompile Include="imgui-docking\imgui_demo.cpp">
      <Filter>Imgui\src</Filter>
    </ClCompile>
    <ClCompile Include="imgui-docking\imgui_draw.cpp">
      <Filter>Imgui\src</Filter>
    </ClCompile>
    <ClCompile Include="imgui-docking\imgui_tables.cpp">
      <Filter>Imgui\src</Filter>
    </ClCompile>
    <ClCompile Include="imgui-docking\imgui_widgets.cpp">
      <Filter>Imgui\src</Filter>
    </ClCompile>
    <ClCompile Include="imgui-docking\backends\imgui_impl_dx11.cpp">
      <Filter>Imgui\src</Filter>
    </ClCompile>
    <ClCompile Include="imgui-docking\backends\imgui_impl_win32.cpp">
      <Filter>Imgui\src</Filter>
    </ClCompile>
    <ClCompile Include="source\UserInterface.cpp">
      <Filter>source</Filter>
    </ClCompile>
    <ClCompile Include="source\ECS\Actor.cpp">
      <Filter>source\ECS</Filter>
    </ClCompile>
    <ClCompile Include="source\RenderTargetView.cpp">
      <Filter>source</Filter>
    </ClCompile>
    <ClCompile Include="source\ImGuizmo.cpp">
      <Filter>Imgui\src</Filter>
    </ClCompile>
    <ClCompile Include="source\Camera.cpp">
      <Filter>source</Filter>
    </ClCompile>
    <ClCompile Include="source\GUI\GUI.cpp">
      <Filter>source\GUI</Filter>
    </ClCompile>
    <ClCompile Include="source\SceneGraph\SceneGraph.cpp">
      <Filter>source\SceneGraph</Filter>
    </ClCompile>
    <ClCompile Include="source\DepthStencilState.cpp">
      <Filter>source</Filter>
    </ClCompile>
    <ClCompile Include="source\RasterizerState.cpp">
      <Filter>source</Filter>
    </ClCompile>
    <ClCompile Include="source\Skybox.cpp">
      <Filter>source</Filter>
    </ClCompile>
    <ClCompile Include="include\EditorViewportPass.cpp">
      <Filter>source</Filter>
    </ClCompile>
  </ItemGroup>
  <ItemGroup>
    <None Include="HeliosEngine.fx">
      <Filter>Shaders</Filter>
    </None>
  </ItemGroup>
  <ItemGroup>
    <ResourceCompile Include="HeliosEngine.rc">
      <Filter>Resource Files</Filter>
    </ResourceCompile>
    <ClInclude Include="include\DepthStencilView.h">
      <Filter>include</Filter>
    </ClInclude>
    <ClInclude Include="include\Device.h">
      <Filter>include</Filter>
    </ClInclude>
    <ClInclude Include="include\DeviceContext.h">
      <Filter>include</Filter>
    </ClInclude>
    <ClInclude Include="include\SwapChain.h">
      <Filter>include</Filter>
    </ClInclude>
    <ClInclude Include="include\Texture.h">
      <Filter>include</Filter>
    </ClInclude>
  </ItemGroup>
  <ItemGroup>
    <ClInclude Include="include\Resource.h">
      <Filter>include</Filter>
    </ClInclude>
    <ClInclude Include="include\Window.h">
      <Filter>include</Filter>
    </ClInclude>
    <ClInclude Include="include\Viewport.h">
      <Filter>include</Filter>
    </ClInclude>
    <ClInclude Include="include\InputLayout.h">
      <Filter>include</Filter>
    </ClInclude>
    <ClInclude Include="include\ShaderProgram.h">
      <Filter>include</Filter>
    </ClInclude>
    <ClInclude Include="include\Buffer.h">
      <Filter>include</Filter>
    </ClInclude>
    <ClInclude Include="include\BaseApp.h">
      <Filter>include</Filter>
    </ClInclude>
    <ClInclude Include="include\SamplerState.h">
      <Filter>include</Filter>
    </ClInclude>
    <ClInclude Include="include\ECS\Actor.h">
      <Filter>include\ECS</Filter>
    </ClInclude>
    <ClInclude Include="include\ECS\Component.h">
      <Filter>include\ECS</Filter>
    </ClInclude>
    <ClInclude Include="include\ECS\Entity.h">
      <Filter>include\ECS</Filter>
    </ClInclude>
    <ClInclude Include="include\ECS\Transform.h">
      <Filter>include\ECS</Filter>
    </ClInclude>
    <ClInclude Include="include\UserInterface.h">
      <Filter>include</Filter>
    </ClInclude>
    <ClInclude Include="imgui-docking\backends\imgui_impl_dx11.h">
      <Filter>Imgui\src</Filter>
    </ClInclude>
    <ClInclude Include="imgui-docking\backends\imgui_impl_win32.h">
      <Filter>Imgui\src</Filter>
    </ClInclude>
    <ClInclude Include="imgui-docking\imconfig.h">
      <Filter>Imgui\Includes</Filter>
    </ClInclude>
    <ClInclude Include="imgui-docking\imgui.h">
      <Filter>Imgui\Includes</Filter>
    </ClInclude>
    <ClInclude Include="imgui-docking\imgui_internal.h">
      <Filter>Imgui\Includes</Filter>
    </ClInclude>
    <ClInclude Include="imgui-docking\imstb_rectpack.h">
      <Filter>Imgui\Includes</Filter>
    </ClInclude>
    <ClInclude Include="imgui-docking\imstb_textedit.h">
      <Filter>Imgui\Includes</Filter>
    </ClInclude>
    <ClInclude Include="imgui-docking\imstb_truetype.h">
      <Filter>Imgui\Includes</Filter>
    </ClInclude>
    <ClInclude Include="include\IResource.h">
      <Filter>include\Patterns</Filter>
    </ClInclude>
    <ClInclude Include="include\EngineUtilities\Memory\TSharedPointer.h">
      <Filter>include\Utilities\Memory</Filter>
    </ClInclude>
    <ClInclude Include="include\EngineUtilities\Memory\TStaticPtr.h">
      <Filter>include\Utilities\Memory</Filter>
    </ClInclude>
    <ClInclude Include="include\EngineUtilities\Memory\TUniquePtr.h">
      <Filter>include\Utilities\Memory</Filter>
    </ClInclude>
    <ClInclude Include="include\EngineUtilities\Memory\TWeakPointer.h">
      <Filter>include\Utilities\Memory</Filter>
    </ClInclude>
    <ClInclude Include="include\EngineUtilities\Vectors\Quaternion.h">
      <Filter>include\Utilities\Vectors</Filter>
    </ClInclude>
    <ClInclude Include="include\EngineUtilities\Vectors\Vector2.h">
      <Filter>include\Utilities\Vectors</Filter>
    </ClInclude>
    <ClInclude Include="include\EngineUtilities\Vectors\Vector3.h">
      <Filter>include\Utilities\Vectors</Filter>
    </ClInclude>
    <ClInclude Include="include\EngineUtilities\Vectors\Vector4.h">
      <Filter>include\Utilities\Vectors</Filter>
    </ClInclude>
    <ClInclude Include="include\EngineUtilities\Matrix\Matrix2x2.h">
      <Filter>include\Utilities\Matrix</Filter>
    </ClInclude>
    <ClInclude Include="include\EngineUtilities\Matrix\Matrix3x3.h">
      <Filter>include\Utilities\Matrix</Filter>
    </ClInclude>
    <ClInclude Include="include\EngineUtilities\Matrix\Matrix4x4.h">
      <Filter>include\Utilities\Matrix</Filter>
    </ClInclude>
    <ClInclude Include="include\EngineUtilities\Structures\TArray.h">
      <Filter>include\Utilities\Structures</Filter>
    </ClInclude>
    <ClInclude Include="include\EngineUtilities\Structures\TMap.h">
      <Filter>include\Utilities\Structures</Filter>
    </ClInclude>
    <ClInclude Include="include\EngineUtilities\Structures\TPair.h">
      <Filter>include\Utilities\Structures</Filter>
    </ClInclude>
    <ClInclude Include="include\EngineUtilities\Structures\TSet.h">
      <Filter>include\Utilities\Structures</Filter>
    </ClInclude>
    <ClInclude Include="include\EngineUtilities\Utilities\EngineMath.h">
      <Filter>include\Utilities</Filter>
    </ClInclude>
    <ClInclude Include="include\MeshComponent.h">
      <Filter>include\Utilities</Filter>
    </ClInclude>
    <ClInclude Include="include\Model3D.h">
      <Filter>include\Utilities</Filter>
    </ClInclude>
    <ClInclude Include="include\Prerequisites.h">
      <Filter>include\Utilities</Filter>
    </ClInclude>
    <ClInclude Include="include\stb_image.h">
      <Filter>include\Utilities</Filter>
    </ClInclude>
    <ClInclude Include="include\ResourceManager.h">
      <Filter>include\Utilities</Filter>
    </ClInclude>
    <ClInclude Include="include\RenderTargetView.h">
      <Filter>include</Filter>
    </ClInclude>
    <ClInclude Include="include\ImGuizmo.h">
      <Filter>Imgui\Includes</Filter>
    </ClInclude>
    <ClInclude Include="include\EngineUtilities\Utilities\Camera.h">
      <Filter>include\Utilities</Filter>
    </ClInclude>
    <ClInclude Include="include\EngineUtilities\GUI\GUI.h">
      <Filter>include\Utilities\GUI</Filter>
    </ClInclude>
    <ClInclude Include="include\SceneGraph\HierarchyComponent.h">
      <Filter>include\SceneGraph</Filter>
    </ClInclude>
    <ClInclude Include="include\SceneGraph\SceneGraph.h">
      <Filter>include\SceneGraph</Filter>
    </ClInclude>
    <ClInclude Include="include\DepthStencilState.h">
      <Filter>include</Filter>
    </ClInclude>
    <ClInclude Include="include\RasterizerState.h">
      <Filter>include</Filter>
    </ClInclude>
    <ClInclude Include="include\EngineUtilities\Utilities\Skybox.h">
      <Filter>include\Utilities</Filter>
    </ClInclude>
    <ClInclude Include="include\EngineUtilities\Utilities\LayoutBuilder.h">
      <Filter>include\Utilities</Filter>
    </ClInclude>
    <ClInclude Include="include\EngineUtilities\Utilities\EditorViewportPass.h">
      <Filter>include\Utilities</Filter>
    </ClInclude>
  </ItemGroup>
  <ItemGroup>
    <Image Include="Assets\Textures\seafloor.dds" />
  </ItemGroup>
</Project>